
Microsoft Visual Studio Solution File, Format Version 12.00
# Visual Studio 15
VisualStudioVersion = 15.0.26730.15
MinimumVisualStudioVersion = 10.0.40219.1
Project("{FAE04EC0-301F-11D3-BF4B-00C04F79EFBC}") = "SuperCesarBoy", "SuperCesarBoy\SuperCesarBoy.csproj", "{23DF4DE6-68C2-4F69-BFA3-CE84F1F7308D}"
EndProject
Global
	GlobalSection(SolutionConfigurationPlatforms) = preSolution
		Debug|Any CPU = Debug|Any CPU
		Debug|Mixed Platforms = Debug|Mixed Platforms
		Debug|x86 = Debug|x86
		Release|Any CPU = Release|Any CPU
		Release|Mixed Platforms = Release|Mixed Platforms
		Release|x86 = Release|x86
	EndGlobalSection
	GlobalSection(ProjectConfigurationPlatforms) = postSolution
		{23DF4DE6-68C2-4F69-BFA3-CE84F1F7308D}.Debug|Any CPU.ActiveCfg = Debug|x86
		{23DF4DE6-68C2-4F69-BFA3-CE84F1F7308D}.Debug|Mixed Platforms.ActiveCfg = Debug|x86
		{23DF4DE6-68C2-4F69-BFA3-CE84F1F7308D}.Debug|Mixed Platforms.Build.0 = Debug|x86
		{23DF4DE6-68C2-4F69-BFA3-CE84F1F7308D}.Debug|x86.ActiveCfg = Debug|x86
		{23DF4DE6-68C2-4F69-BFA3-CE84F1F7308D}.Debug|x86.Build.0 = Debug|x86
		{23DF4DE6-68C2-4F69-BFA3-CE84F1F7308D}.Release|Any CPU.ActiveCfg = Release|x86
		{23DF4DE6-68C2-4F69-BFA3-CE84F1F7308D}.Release|Mixed Platforms.ActiveCfg = Release|x86
		{23DF4DE6-68C2-4F69-BFA3-CE84F1F7308D}.Release|Mixed Platforms.Build.0 = Release|x86
		{23DF4DE6-68C2-4F69-BFA3-CE84F1F7308D}.Release|x86.ActiveCfg = Release|x86
		{23DF4DE6-68C2-4F69-BFA3-CE84F1F7308D}.Release|x86.Build.0 = Release|x86
	EndGlobalSection
	GlobalSection(SolutionProperties) = preSolution
		HideSolutionNode = FALSE
	EndGlobalSection
	GlobalSection(ExtensibilityGlobals) = postSolution
		SolutionGuid = {18A85341-7D3E-4FFA-AF55-7B9FF01A262F}
	EndGlobalSection
EndGlobal
